
Microsoft Visual Studio Solution File, Format Version 12.00
# Visual Studio Version 17
VisualStudioVersion = 17.0.32014.148
MinimumVisualStudioVersion = 10.0.40219.1
Project("{FAE04EC0-301F-11D3-BF4B-00C04F79EFBC}") = "WpfApp1", "WpfApp1\WpfApp1.csproj", "{BEDE3E1A-B176-4282-917A-26A1CC3077AB}"
EndProject
Global
	GlobalSection(SolutionConfigurationPlatforms) = preSolution
		Debug|Any CPU = Debug|Any CPU
		Release|Any CPU = Release|Any CPU
	EndGlobalSection
	GlobalSection(ProjectConfigurationPlatforms) = postSolution
		{BEDE3E1A-B176-4282-917A-26A1CC3077AB}.Debug|Any CPU.ActiveCfg = Debug|Any CPU
		{BEDE3E1A-B176-4282-917A-26A1CC3077AB}.Debug|Any CPU.Build.0 = Debug|Any CPU
		{BEDE3E1A-B176-4282-917A-26A1CC3077AB}.Release|Any CPU.ActiveCfg = Release|Any CPU
		{BEDE3E1A-B176-4282-917A-26A1CC3077AB}.Release|Any CPU.Build.0 = Release|Any CPU
	EndGlobalSection
	GlobalSection(SolutionProperties) = preSolution
		HideSolutionNode = FALSE
	EndGlobalSection
	GlobalSection(ExtensibilityGlobals) = postSolution
		SolutionGuid = {E122ABFA-76E6-4A71-A22B-26FFDD342D50}
	EndGlobalSection
EndGlobal
